schema: '2.0'
stages:
  get_features:
    cmd: python scripts/data_processing/get_features.py data/train.csv
    deps:
    - path: data/train.csv
      hash: md5
      md5: 631d29c4b0ffe63d119d46638ec86b46
      size: 1347709
    - path: scripts/data_processing/get_features.py
      hash: md5
      md5: e850269b0b9b7603dd8c92d4db828022
      size: 872
    outs:
    - path: data/features/train.csv
      hash: md5
      md5: 49fe9866fa732d86717f772a5aca0f80
      size: 938040
  encode:
    cmd: python scripts/data_processing/encode.py data/features/train.csv
    deps:
    - path: data/features/train.csv
      hash: md5
      md5: 49fe9866fa732d86717f772a5aca0f80
      size: 938040
    - path: scripts/data_processing/encode.py
      hash: md5
      md5: c9c2cce787689960ee7086b966b6f487
      size: 705
    outs:
    - path: data/prepared/train.csv
      hash: md5
      md5: 6f6337487fa55363ea7c42557d14f073
      size: 1288798
